# THIS IS AN AUTOGENERATED FILE. DO NOT EDIT THIS FILE DIRECTLY.
# yarn lockfile v1


turbo-darwin-64@1.10.2:
  version "1.10.2"
  resolved "https://registry.yarnpkg.com/turbo-darwin-64/-/turbo-darwin-64-1.10.2.tgz#10a92e78b98e83a37de804f9ed598c3c9b73b884"
  integrity sha512-sVLpVVANByfMgqf7OYPcZM4KiDnjGu7ITvAzBSa9Iwe14yoWLn8utrNsWCRaQEB6kEqBGLPmvL7AKwkl8M2Gqg==

turbo-darwin-arm64@1.10.2:
  version "1.10.2"
  resolved "https://registry.yarnpkg.com/turbo-darwin-arm64/-/turbo-darwin-arm64-1.10.2.tgz#e052da2257906724feadb5a0e26a847aed1289bb"
  integrity sha512-TKG91DSoYQjsCft4XBx4lYycVT5n3UQB/nOKgv/WJCSfwshLWulya3yhP8JT5erv9rPF8gwgnx87lrCmT4EAVA==

turbo-linux-64@1.10.2:
  version "1.10.2"
  resolved "https://registry.yarnpkg.com/turbo-linux-64/-/turbo-linux-64-1.10.2.tgz#0a038f26da2693cfd2af1b842e29a13128224055"
  integrity sha512-ZIzAkfrzjJFkSM/uEfxU6JjseCsT5PHRu0s0lmYce37ApQbv/HC7tI0cFhuosI30+O8109/mkyZykKE7AQfgqA==

turbo-linux-arm64@1.10.2:
  version "1.10.2"
  resolved "https://registry.yarnpkg.com/turbo-linux-arm64/-/turbo-linux-arm64-1.10.2.tgz#2ff7272ec6426f91f56e71998e80eb805c20d963"
  integrity sha512-G4uZA+RBQ5S1X/oUxO5KoLL2NDMkrrBZF52+00jQv6UEb9lWDgwzqSwoAGjdXxeDCrqMW5rBVwb/IBIF2/yhwA==

turbo-windows-64@1.10.2:
  version "1.10.2"
  resolved "https://registry.yarnpkg.com/turbo-windows-64/-/turbo-windows-64-1.10.2.tgz#2b05074f932bc6b032038624ebb7fd1b1e2f43ce"
  integrity sha512-ObfQO37kGu1jBzFs/L+hybrCXBwdnimotJwzg7pCoSyGijKITlugrpJoPDKlg0eMr3/1Y6KUeHy26vZaDXrbuQ==

turbo-windows-arm64@1.10.2:
  version "1.10.2"
  resolved "https://registry.yarnpkg.com/turbo-windows-arm64/-/turbo-windows-arm64-1.10.2.tgz#75e904e2f9e06960e5639f6e3f71c6a8ac01f558"
  integrity sha512-7S6dx4738R/FIT2cxbsunqgHN5LelXzuzkcaZgdkU33oswRf/6KOfOABzQLdTX7Uos59cBSdwayf6KQJxuOXUg==

turbo@^1.10.2:
  version "1.10.2"
  resolved "https://registry.yarnpkg.com/turbo/-/turbo-1.10.2.tgz#b96be5aa32f6a0c7d4e50782aa720c550c3c6270"
  integrity sha512-m9sR5XHhuzxUQACf0vI2qCG5OqDYAZiPTaAsTwECnwUF4/cXwEmcYddbLJnO+K9orNvcnjjent5oBNBVQ/o0ow==
  optionalDependencies:
    turbo-darwin-64 "1.10.2"
    turbo-darwin-arm64 "1.10.2"
    turbo-linux-64 "1.10.2"
    turbo-linux-arm64 "1.10.2"
    turbo-windows-64 "1.10.2"
    turbo-windows-arm64 "1.10.2"
